
Microsoft Visual Studio Solution File, Format Version 12.00
# Visual Studio Version 16
VisualStudioVersion = 16.0.30330.147
MinimumVisualStudioVersion = 10.0.40219.1
Project("{FAE04EC0-301F-11D3-BF4B-00C04F79EFBC}") = "Vic.SportsStore.WebApp", "Vic.SportsStore.WebApp\Vic.SportsStore.WebApp.csproj", "{93EBAD71-A69A-4981-8441-3883143901E6}"
EndProject
Project("{FAE04EC0-301F-11D3-BF4B-00C04F79EFBC}") = "Vic.SportsStore.Domain", "Vic.SportsStore.Domain\Vic.SportsStore.Domain.csproj", "{20E57E46-ECB7-452D-9198-4C07BCB6FAF9}"
EndProject
Project("{FAE04EC0-301F-11D3-BF4B-00C04F79EFBC}") = "Vic.SportsStore.UnitTests", "Vic.SportsStore.UnitTests\Vic.SportsStore.UnitTests.csproj", "{9DA30BEC-1C1D-4175-BA79-AA117DA3AA02}"
EndProject
Project("{FAE04EC0-301F-11D3-BF4B-00C04F79EFBC}") = "Vic.SportsStore.DebugConsole", "Vic.SportsStore.DebugConsole\Vic.SportsStore.DebugConsole.csproj", "{2F9E5578-5523-4888-854C-80FB78953D15}"
EndProject
Global
	GlobalSection(SolutionConfigurationPlatforms) = preSolution
		Debug|Any CPU = Debug|Any CPU
		Release|Any CPU = Release|Any CPU
	EndGlobalSection
	GlobalSection(ProjectConfigurationPlatforms) = postSolution
		{93EBAD71-A69A-4981-8441-3883143901E6}.Debug|Any CPU.ActiveCfg = Debug|Any CPU
		{93EBAD71-A69A-4981-8441-3883143901E6}.Debug|Any CPU.Build.0 = Debug|Any CPU
		{93EBAD71-A69A-4981-8441-3883143901E6}.Release|Any CPU.ActiveCfg = Release|Any CPU
		{93EBAD71-A69A-4981-8441-3883143901E6}.Release|Any CPU.Build.0 = Release|Any CPU
		{20E57E46-ECB7-452D-9198-4C07BCB6FAF9}.Debug|Any CPU.ActiveCfg = Debug|Any CPU
		{20E57E46-ECB7-452D-9198-4C07BCB6FAF9}.Debug|Any CPU.Build.0 = Debug|Any CPU
		{20E57E46-ECB7-452D-9198-4C07BCB6FAF9}.Release|Any CPU.ActiveCfg = Release|Any CPU
		{20E57E46-ECB7-452D-9198-4C07BCB6FAF9}.Release|Any CPU.Build.0 = Release|Any CPU
		{9DA30BEC-1C1D-4175-BA79-AA117DA3AA02}.Debug|Any CPU.ActiveCfg = Debug|Any CPU
		{9DA30BEC-1C1D-4175-BA79-AA117DA3AA02}.Debug|Any CPU.Build.0 = Debug|Any CPU
		{9DA30BEC-1C1D-4175-BA79-AA117DA3AA02}.Release|Any CPU.ActiveCfg = Release|Any CPU
		{9DA30BEC-1C1D-4175-BA79-AA117DA3AA02}.Release|Any CPU.Build.0 = Release|Any CPU
		{2F9E5578-5523-4888-854C-80FB78953D15}.Debug|Any CPU.ActiveCfg = Debug|Any CPU
		{2F9E5578-5523-4888-854C-80FB78953D15}.Debug|Any CPU.Build.0 = Debug|Any CPU
		{2F9E5578-5523-4888-854C-80FB78953D15}.Release|Any CPU.ActiveCfg = Release|Any CPU
		{2F9E5578-5523-4888-854C-80FB78953D15}.Release|Any CPU.Build.0 = Release|Any CPU
	EndGlobalSection
	GlobalSection(SolutionProperties) = preSolution
		HideSolutionNode = FALSE
	EndGlobalSection
	GlobalSection(ExtensibilityGlobals) = postSolution
		SolutionGuid = {10B422CA-3C59-440C-8B3F-2644DD04DEED}
	EndGlobalSection
EndGlobal
